
Microsoft Visual Studio Solution File, Format Version 12.00
# Visual Studio Version 16
VisualStudioVersion = 16.0.29324.140
MinimumVisualStudioVersion = 10.0.40219.1
Project("{9A19103F-16F7-4668-BE54-9A1E7A4F7556}") = "Lab.2", "Lab.2\Lab.2.csproj", "{792BC581-101F-4536-AE76-5E919F9C4F1C}"
EndProject
Project("{FAE04EC0-301F-11D3-BF4B-00C04F79EFBC}") = "Lab.4", "Lab.4\Lab.4.csproj", "{3CCE5CC1-8984-429F-BBE2-D6BEA5C58376}"
EndProject
Global
	GlobalSection(SolutionConfigurationPlatforms) = preSolution
		Debug|Any CPU = Debug|Any CPU
		Release|Any CPU = Release|Any CPU
	EndGlobalSection
	GlobalSection(ProjectConfigurationPlatforms) = postSolution
		{792BC581-101F-4536-AE76-5E919F9C4F1C}.Debug|Any CPU.ActiveCfg = Debug|Any CPU
		{792BC581-101F-4536-AE76-5E919F9C4F1C}.Debug|Any CPU.Build.0 = Debug|Any CPU
		{792BC581-101F-4536-AE76-5E919F9C4F1C}.Release|Any CPU.ActiveCfg = Release|Any CPU
		{792BC581-101F-4536-AE76-5E919F9C4F1C}.Release|Any CPU.Build.0 = Release|Any CPU
		{3CCE5CC1-8984-429F-BBE2-D6BEA5C58376}.Debug|Any CPU.ActiveCfg = Debug|Any CPU
		{3CCE5CC1-8984-429F-BBE2-D6BEA5C58376}.Debug|Any CPU.Build.0 = Debug|Any CPU
		{3CCE5CC1-8984-429F-BBE2-D6BEA5C58376}.Release|Any CPU.ActiveCfg = Release|Any CPU
		{3CCE5CC1-8984-429F-BBE2-D6BEA5C58376}.Release|Any CPU.Build.0 = Release|Any CPU
	EndGlobalSection
	GlobalSection(SolutionProperties) = preSolution
		HideSolutionNode = FALSE
	EndGlobalSection
	GlobalSection(ExtensibilityGlobals) = postSolution
		SolutionGuid = {222A82B7-482C-464A-A84C-FF33560AB187}
	EndGlobalSection
EndGlobal
